{
  "name": "primus-redis-rooms-withauth",
  "version": "0.3.1",
  "dependencies": {
    "node-uuid": {
      "version": "1.4.1",
      "from": "node-uuid@~1.4.1",
      "resolved": "https://registry.npmjs.org/node-uuid/-/node-uuid-1.4.1.tgz"
    },
    "redis": {
      "version": "0.9.2",
      "from": "redis@0.9.x",
      "resolved": "https://registry.npmjs.org/redis/-/redis-0.9.2.tgz"
    },
    "redis-sentinel": {
      "version": "0.0.9",
      "from": "redis-sentinel@0.0.x",
      "resolved": "https://registry.npmjs.org/redis-sentinel/-/redis-sentinel-0.0.9.tgz",
      "dependencies": {
        "redis": {
          "version": "0.10.3",
          "from": "redis@0.10.3",
          "resolved": "https://registry.npmjs.org/redis/-/redis-0.10.3.tgz"
        },
        "q": {
          "version": "0.9.2",
          "from": "q@0.9.2",
          "resolved": "https://registry.npmjs.org/q/-/q-0.9.2.tgz"
        }
      }
    }
  }
}
